Microsoft Visual Studio Solution File, Format Version 12.00
# Visual Studio Version 17
VisualStudioVersion = 17.5.2.0
MinimumVisualStudioVersion = 10.0.40219.1
Project("{FAE04EC0-301F-11D3-BF4B-00C04F79EFBC}") = "ThirdRun", "ThirdRun.csproj", "{14107365-1304-7FC2-F4AD-E9E35D3A3286}"
EndProject
Project("{FAE04EC0-301F-11D3-BF4B-00C04F79EFBC}") = "ThirdRun.Tests", "ThirdRun.Tests\ThirdRun.Tests.csproj", "{EF64743F-17EF-4C78-90E8-29D992645F54}"
EndProject
Project("{FAE04EC0-301F-11D3-BF4B-00C04F79EFBC}") = "ThirdRun.DesktopGL", "ThirdRun.DesktopGL\ThirdRun.DesktopGL.csproj", "{D8F4C5A3-2F8E-4B5C-9A1D-3C7E8F9B2A4E}"
EndProject
Project("{FAE04EC0-301F-11D3-BF4B-00C04F79EFBC}") = "ThirdRun.Android", "ThirdRun.Android\ThirdRun.Android.csproj", "{B5E2F1A7-8C3D-4E9F-A2B6-7D4F3E5A8B9C}"
EndProject
Global
	GlobalSection(SolutionConfigurationPlatforms) = preSolution
		Debug|Any CPU = Debug|Any CPU
		Release|Any CPU = Release|Any CPU
	EndGlobalSection
	GlobalSection(ProjectConfigurationPlatforms) = postSolution
		{14107365-1304-7FC2-F4AD-E9E35D3A3286}.Debug|Any CPU.ActiveCfg = Debug|Any CPU
		{14107365-1304-7FC2-F4AD-E9E35D3A3286}.Debug|Any CPU.Build.0 = Debug|Any CPU
		{14107365-1304-7FC2-F4AD-E9E35D3A3286}.Release|Any CPU.ActiveCfg = Release|Any CPU
		{14107365-1304-7FC2-F4AD-E9E35D3A3286}.Release|Any CPU.Build.0 = Release|Any CPU
		{EF64743F-17EF-4C78-90E8-29D992645F54}.Debug|Any CPU.ActiveCfg = Debug|Any CPU
		{EF64743F-17EF-4C78-90E8-29D992645F54}.Debug|Any CPU.Build.0 = Debug|Any CPU
		{EF64743F-17EF-4C78-90E8-29D992645F54}.Release|Any CPU.ActiveCfg = Release|Any CPU
		{EF64743F-17EF-4C78-90E8-29D992645F54}.Release|Any CPU.Build.0 = Release|Any CPU
		{D8F4C5A3-2F8E-4B5C-9A1D-3C7E8F9B2A4E}.Debug|Any CPU.ActiveCfg = Debug|Any CPU
		{D8F4C5A3-2F8E-4B5C-9A1D-3C7E8F9B2A4E}.Debug|Any CPU.Build.0 = Debug|Any CPU
		{D8F4C5A3-2F8E-4B5C-9A1D-3C7E8F9B2A4E}.Release|Any CPU.ActiveCfg = Release|Any CPU
		{D8F4C5A3-2F8E-4B5C-9A1D-3C7E8F9B2A4E}.Release|Any CPU.Build.0 = Release|Any CPU
		{B5E2F1A7-8C3D-4E9F-A2B6-7D4F3E5A8B9C}.Debug|Any CPU.ActiveCfg = Debug|Any CPU
		{B5E2F1A7-8C3D-4E9F-A2B6-7D4F3E5A8B9C}.Debug|Any CPU.Build.0 = Debug|Any CPU
		{B5E2F1A7-8C3D-4E9F-A2B6-7D4F3E5A8B9C}.Release|Any CPU.ActiveCfg = Release|Any CPU
		{B5E2F1A7-8C3D-4E9F-A2B6-7D4F3E5A8B9C}.Release|Any CPU.Build.0 = Release|Any CPU
	EndGlobalSection
	GlobalSection(SolutionProperties) = preSolution
		HideSolutionNode = FALSE
	EndGlobalSection
	GlobalSection(ExtensibilityGlobals) = postSolution
		SolutionGuid = {D96BC400-33C5-4109-A896-4B698C6C0999}
	EndGlobalSection
EndGlobal
